
Microsoft Visual Studio Solution File, Format Version 12.00
# Visual Studio Version 17
VisualStudioVersion = 17.0.32014.148
MinimumVisualStudioVersion = 10.0.40219.1
Project("{9A19103F-16F7-4668-BE54-9A1E7A4F7556}") = "NCachedBookStore.Core", "NCachedBookStore.Core\NCachedBookStore.Core.csproj", "{21D6C471-57B6-4559-8EEA-DEA34E2C7CCE}"
EndProject
Project("{9A19103F-16F7-4668-BE54-9A1E7A4F7556}") = "NCachedBookStore.Infrastructure", "NCachedBookStore.Infrastructure\NCachedBookStore.Infrastructure.csproj", "{86FF0C3A-92BF-4D78-AB87-5D7C6A1249AE}"
EndProject
Project("{9A19103F-16F7-4668-BE54-9A1E7A4F7556}") = "NCachedBookStore.Web", "NCachedBookStore.Web\NCachedBookStore.Web.csproj", "{6198C156-83A9-4971-88AF-37C7CD6B4B05}"
EndProject
Project("{2150E333-8FDC-42A3-9474-1A3956D46DE8}") = "solution items", "solution items", "{E724A8A8-29CD-4544-A569-3493DBADFCBF}"
	ProjectSection(SolutionItems) = preProject
		.gitignore = .gitignore
		global.json = global.json
	EndProjectSection
EndProject
Global
	GlobalSection(SolutionConfigurationPlatforms) = preSolution
		Debug|Any CPU = Debug|Any CPU
		Release|Any CPU = Release|Any CPU
	EndGlobalSection
	GlobalSection(ProjectConfigurationPlatforms) = postSolution
		{21D6C471-57B6-4559-8EEA-DEA34E2C7CCE}.Debug|Any CPU.ActiveCfg = Debug|Any CPU
		{21D6C471-57B6-4559-8EEA-DEA34E2C7CCE}.Debug|Any CPU.Build.0 = Debug|Any CPU
		{21D6C471-57B6-4559-8EEA-DEA34E2C7CCE}.Release|Any CPU.ActiveCfg = Release|Any CPU
		{21D6C471-57B6-4559-8EEA-DEA34E2C7CCE}.Release|Any CPU.Build.0 = Release|Any CPU
		{86FF0C3A-92BF-4D78-AB87-5D7C6A1249AE}.Debug|Any CPU.ActiveCfg = Debug|Any CPU
		{86FF0C3A-92BF-4D78-AB87-5D7C6A1249AE}.Debug|Any CPU.Build.0 = Debug|Any CPU
		{86FF0C3A-92BF-4D78-AB87-5D7C6A1249AE}.Release|Any CPU.ActiveCfg = Release|Any CPU
		{86FF0C3A-92BF-4D78-AB87-5D7C6A1249AE}.Release|Any CPU.Build.0 = Release|Any CPU
		{6198C156-83A9-4971-88AF-37C7CD6B4B05}.Debug|Any CPU.ActiveCfg = Debug|Any CPU
		{6198C156-83A9-4971-88AF-37C7CD6B4B05}.Debug|Any CPU.Build.0 = Debug|Any CPU
		{6198C156-83A9-4971-88AF-37C7CD6B4B05}.Release|Any CPU.ActiveCfg = Release|Any CPU
		{6198C156-83A9-4971-88AF-37C7CD6B4B05}.Release|Any CPU.Build.0 = Release|Any CPU
	EndGlobalSection
	GlobalSection(SolutionProperties) = preSolution
		HideSolutionNode = FALSE
	EndGlobalSection
	GlobalSection(ExtensibilityGlobals) = postSolution
		SolutionGuid = {A6A12B83-160F-46E8-A1BD-7184C6BE7C06}
	EndGlobalSection
EndGlobal
